
Microsoft Visual Studio Solution File, Format Version 12.00
# Visual Studio Version 17
VisualStudioVersion = 17.14.36301.6 d17.14
MinimumVisualStudioVersion = 10.0.40219.1
Project("{FAE04EC0-301F-11D3-BF4B-00C04F79EFBC}") = "LoopingProgramAssignment", "LoopingProgramAssignment.csproj", "{B7FBA68B-B850-4C72-8337-40194C5B4FCF}"
EndProject
Global
	GlobalSection(SolutionConfigurationPlatforms) = preSolution
		Debug|Any CPU = Debug|Any CPU
		Release|Any CPU = Release|Any CPU
	EndGlobalSection
	GlobalSection(ProjectConfigurationPlatforms) = postSolution
		{B7FBA68B-B850-4C72-8337-40194C5B4FCF}.Debug|Any CPU.ActiveCfg = Debug|Any CPU
		{B7FBA68B-B850-4C72-8337-40194C5B4FCF}.Debug|Any CPU.Build.0 = Debug|Any CPU
		{B7FBA68B-B850-4C72-8337-40194C5B4FCF}.Release|Any CPU.ActiveCfg = Release|Any CPU
		{B7FBA68B-B850-4C72-8337-40194C5B4FCF}.Release|Any CPU.Build.0 = Release|Any CPU
	EndGlobalSection
	GlobalSection(SolutionProperties) = preSolution
		HideSolutionNode = FALSE
	EndGlobalSection
	GlobalSection(ExtensibilityGlobals) = postSolution
		SolutionGuid = {59D86F60-4CF6-4777-BF81-E39C90776152}
	EndGlobalSection
EndGlobal
